
Microsoft Visual Studio Solution File, Format Version 12.00
# Visual Studio Version 17
VisualStudioVersion = 17.11.35222.181
MinimumVisualStudioVersion = 10.0.40219.1
Project("{9A19103F-16F7-4668-BE54-9A1E7A4F7556}") = "UnitTestInPractice.Share", "UnitTestInPractice.Share\UnitTestInPractice.Share.csproj", "{9726F9B6-8C2D-40F5-B682-A589D808B05D}"
EndProject
Project("{9A19103F-16F7-4668-BE54-9A1E7A4F7556}") = "UnitTestInPractice.Domain", "UnitTestInPractice.Domain\UnitTestInPractice.Domain.csproj", "{475CEB0C-38F3-4FC6-AE47-6C712A1B180E}"
EndProject
Project("{9A19103F-16F7-4668-BE54-9A1E7A4F7556}") = "UnitTestInPractice.Application", "UnitTestInPractice.Application\UnitTestInPractice.Application.csproj", "{54361FCB-1A9A-4117-AEEF-E18CF67C9D60}"
EndProject
Project("{9A19103F-16F7-4668-BE54-9A1E7A4F7556}") = "UnitTestInPractice.Infrastructure", "UnitTestInPractice.Infrastructure\UnitTestInPractice.Infrastructure.csproj", "{46D9EE01-C316-45DD-8ED4-1C7BDB298031}"
EndProject
Project("{2150E333-8FDC-42A3-9474-1A3956D46DE8}") = "Test", "Test", "{C71BAA74-51AC-415D-AA92-E939E324AFB2}"
EndProject
Project("{FAE04EC0-301F-11D3-BF4B-00C04F79EFBC}") = "UnitTestInPractice.Application.Test", "UnitTestInPractice.Application.Test\UnitTestInPractice.Application.Test.csproj", "{A0EFEBF7-EB7C-43A7-86FA-490719925152}"
EndProject
Global
	GlobalSection(SolutionConfigurationPlatforms) = preSolution
		Debug|Any CPU = Debug|Any CPU
		Release|Any CPU = Release|Any CPU
	EndGlobalSection
	GlobalSection(ProjectConfigurationPlatforms) = postSolution
		{9726F9B6-8C2D-40F5-B682-A589D808B05D}.Debug|Any CPU.ActiveCfg = Debug|Any CPU
		{9726F9B6-8C2D-40F5-B682-A589D808B05D}.Debug|Any CPU.Build.0 = Debug|Any CPU
		{9726F9B6-8C2D-40F5-B682-A589D808B05D}.Release|Any CPU.ActiveCfg = Release|Any CPU
		{9726F9B6-8C2D-40F5-B682-A589D808B05D}.Release|Any CPU.Build.0 = Release|Any CPU
		{475CEB0C-38F3-4FC6-AE47-6C712A1B180E}.Debug|Any CPU.ActiveCfg = Debug|Any CPU
		{475CEB0C-38F3-4FC6-AE47-6C712A1B180E}.Debug|Any CPU.Build.0 = Debug|Any CPU
		{475CEB0C-38F3-4FC6-AE47-6C712A1B180E}.Release|Any CPU.ActiveCfg = Release|Any CPU
		{475CEB0C-38F3-4FC6-AE47-6C712A1B180E}.Release|Any CPU.Build.0 = Release|Any CPU
		{54361FCB-1A9A-4117-AEEF-E18CF67C9D60}.Debug|Any CPU.ActiveCfg = Debug|Any CPU
		{54361FCB-1A9A-4117-AEEF-E18CF67C9D60}.Debug|Any CPU.Build.0 = Debug|Any CPU
		{54361FCB-1A9A-4117-AEEF-E18CF67C9D60}.Release|Any CPU.ActiveCfg = Release|Any CPU
		{54361FCB-1A9A-4117-AEEF-E18CF67C9D60}.Release|Any CPU.Build.0 = Release|Any CPU
		{46D9EE01-C316-45DD-8ED4-1C7BDB298031}.Debug|Any CPU.ActiveCfg = Debug|Any CPU
		{46D9EE01-C316-45DD-8ED4-1C7BDB298031}.Debug|Any CPU.Build.0 = Debug|Any CPU
		{46D9EE01-C316-45DD-8ED4-1C7BDB298031}.Release|Any CPU.ActiveCfg = Release|Any CPU
		{46D9EE01-C316-45DD-8ED4-1C7BDB298031}.Release|Any CPU.Build.0 = Release|Any CPU
		{A0EFEBF7-EB7C-43A7-86FA-490719925152}.Debug|Any CPU.ActiveCfg = Debug|Any CPU
		{A0EFEBF7-EB7C-43A7-86FA-490719925152}.Debug|Any CPU.Build.0 = Debug|Any CPU
		{A0EFEBF7-EB7C-43A7-86FA-490719925152}.Release|Any CPU.ActiveCfg = Release|Any CPU
		{A0EFEBF7-EB7C-43A7-86FA-490719925152}.Release|Any CPU.Build.0 = Release|Any CPU
	EndGlobalSection
	GlobalSection(SolutionProperties) = preSolution
		HideSolutionNode = FALSE
	EndGlobalSection
	GlobalSection(NestedProjects) = preSolution
		{A0EFEBF7-EB7C-43A7-86FA-490719925152} = {C71BAA74-51AC-415D-AA92-E939E324AFB2}
	EndGlobalSection
	GlobalSection(ExtensibilityGlobals) = postSolution
		SolutionGuid = {25A6CD6D-A2B7-448A-BFE4-A79275DBF4AF}
	EndGlobalSection
EndGlobal
